
Microsoft Visual Studio Solution File, Format Version 12.00
# Visual Studio Version 17
VisualStudioVersion = 17.7.34031.279
MinimumVisualStudioVersion = 10.0.40219.1
Project("{FAE04EC0-301F-11D3-BF4B-00C04F79EFBC}") = "Funcionario", "Funcionario\Funcionario.csproj", "{C8623B50-4634-4F9E-A901-B99648672134}"
EndProject
Project("{FAE04EC0-301F-11D3-BF4B-00C04F79EFBC}") = "Utente", "Utente\Utente.csproj", "{384DABBB-A020-4E63-BE58-82DA29F478EC}"
EndProject
Project("{FAE04EC0-301F-11D3-BF4B-00C04F79EFBC}") = "Diretor", "Diretor\Diretor.csproj", "{A4A5A4C9-0ADB-4E9A-BEDA-A66087AD69E7}"
EndProject
Project("{FAE04EC0-301F-11D3-BF4B-00C04F79EFBC}") = "UCCI", "UCCI\UCCI.csproj", "{B4A70162-A2E2-4AF8-B6E0-4865B5B574D5}"
EndProject
Global
	GlobalSection(SolutionConfigurationPlatforms) = preSolution
		Debug|Any CPU = Debug|Any CPU
		Release|Any CPU = Release|Any CPU
	EndGlobalSection
	GlobalSection(ProjectConfigurationPlatforms) = postSolution
		{C8623B50-4634-4F9E-A901-B99648672134}.Debug|Any CPU.ActiveCfg = Debug|Any CPU
		{C8623B50-4634-4F9E-A901-B99648672134}.Debug|Any CPU.Build.0 = Debug|Any CPU
		{C8623B50-4634-4F9E-A901-B99648672134}.Release|Any CPU.ActiveCfg = Release|Any CPU
		{C8623B50-4634-4F9E-A901-B99648672134}.Release|Any CPU.Build.0 = Release|Any CPU
		{384DABBB-A020-4E63-BE58-82DA29F478EC}.Debug|Any CPU.ActiveCfg = Debug|Any CPU
		{384DABBB-A020-4E63-BE58-82DA29F478EC}.Debug|Any CPU.Build.0 = Debug|Any CPU
		{384DABBB-A020-4E63-BE58-82DA29F478EC}.Release|Any CPU.ActiveCfg = Release|Any CPU
		{384DABBB-A020-4E63-BE58-82DA29F478EC}.Release|Any CPU.Build.0 = Release|Any CPU
		{A4A5A4C9-0ADB-4E9A-BEDA-A66087AD69E7}.Debug|Any CPU.ActiveCfg = Debug|Any CPU
		{A4A5A4C9-0ADB-4E9A-BEDA-A66087AD69E7}.Debug|Any CPU.Build.0 = Debug|Any CPU
		{A4A5A4C9-0ADB-4E9A-BEDA-A66087AD69E7}.Release|Any CPU.ActiveCfg = Release|Any CPU
		{A4A5A4C9-0ADB-4E9A-BEDA-A66087AD69E7}.Release|Any CPU.Build.0 = Release|Any CPU
		{B4A70162-A2E2-4AF8-B6E0-4865B5B574D5}.Debug|Any CPU.ActiveCfg = Debug|Any CPU
		{B4A70162-A2E2-4AF8-B6E0-4865B5B574D5}.Debug|Any CPU.Build.0 = Debug|Any CPU
		{B4A70162-A2E2-4AF8-B6E0-4865B5B574D5}.Release|Any CPU.ActiveCfg = Release|Any CPU
		{B4A70162-A2E2-4AF8-B6E0-4865B5B574D5}.Release|Any CPU.Build.0 = Release|Any CPU
	EndGlobalSection
	GlobalSection(SolutionProperties) = preSolution
		HideSolutionNode = FALSE
	EndGlobalSection
	GlobalSection(ExtensibilityGlobals) = postSolution
		SolutionGuid = {0FAB9FAC-95FF-4B7A-942A-FE04FF22319E}
	EndGlobalSection
EndGlobal
